
Microsoft Visual Studio Solution File, Format Version 12.00
# Visual Studio Version 17
VisualStudioVersion = 17.13.35931.197 d17.13
MinimumVisualStudioVersion = 10.0.40219.1
Project("{FAE04EC0-301F-11D3-BF4B-00C04F79EFBC}") = "Task1", "Task1\Task1.csproj", "{C7D6F2B8-1E4C-4572-A9BC-B3C1866BEF9C}"
EndProject
Project("{FAE04EC0-301F-11D3-BF4B-00C04F79EFBC}") = "Task2", "Task2\Task2.csproj", "{5DF3F3E4-9E48-413C-BB99-B8794EEA8264}"
EndProject
Global
	GlobalSection(SolutionConfigurationPlatforms) = preSolution
		Debug|Any CPU = Debug|Any CPU
		Release|Any CPU = Release|Any CPU
	EndGlobalSection
	GlobalSection(ProjectConfigurationPlatforms) = postSolution
		{C7D6F2B8-1E4C-4572-A9BC-B3C1866BEF9C}.Debug|Any CPU.ActiveCfg = Debug|Any CPU
		{C7D6F2B8-1E4C-4572-A9BC-B3C1866BEF9C}.Debug|Any CPU.Build.0 = Debug|Any CPU
		{C7D6F2B8-1E4C-4572-A9BC-B3C1866BEF9C}.Release|Any CPU.ActiveCfg = Release|Any CPU
		{C7D6F2B8-1E4C-4572-A9BC-B3C1866BEF9C}.Release|Any CPU.Build.0 = Release|Any CPU
		{5DF3F3E4-9E48-413C-BB99-B8794EEA8264}.Debug|Any CPU.ActiveCfg = Debug|Any CPU
		{5DF3F3E4-9E48-413C-BB99-B8794EEA8264}.Debug|Any CPU.Build.0 = Debug|Any CPU
		{5DF3F3E4-9E48-413C-BB99-B8794EEA8264}.Release|Any CPU.ActiveCfg = Release|Any CPU
		{5DF3F3E4-9E48-413C-BB99-B8794EEA8264}.Release|Any CPU.Build.0 = Release|Any CPU
	EndGlobalSection
	GlobalSection(SolutionProperties) = preSolution
		HideSolutionNode = FALSE
	EndGlobalSection
	GlobalSection(ExtensibilityGlobals) = postSolution
		SolutionGuid = {DD8122CB-B1B1-4173-9B5D-EFFFFED6D212}
	EndGlobalSection
EndGlobal
